{
  "name": "tw5-fsa-saver",
  "version": "0.2.0",
  "lockfileVersion": 2,
  "requires": true,
  "packages": {
    "": {
      "name": "tw5-fsa-saver",
      "version": "0.2.0",
      "license": "MIT",
      "devDependencies": {
        "@ltd/j-toml": "^1.12.2",
        "@types/wicg-file-system-access": "2020.9.1",
        "mkdirp": "~1.0.4",
        "typescript": "~4.2.4"
      }
    },
    "node_modules/@ltd/j-toml": {
      "version": "1.12.2",
      "resolved": "https://registry.npmjs.org/@ltd/j-toml/-/j-toml-1.12.2.tgz",
      "integrity": "sha512-mGbbuiYwnBBBfkupwGbRH9qkOuT40RoPvzbSStAy57PfTWG6nRYOLAB6lplOafIIqBM3wzDPF9/64n3tfO0how==",
      "dev": true
    },
    "node_modules/@types/wicg-file-system-access": {
      "version": "2020.9.1",
      "resolved": "https://registry.npmjs.org/@types/wicg-file-system-access/-/wicg-file-system-access-2020.9.1.tgz",
      "integrity": "sha512-hEN/YpLwvDjhRJrKoBiyiKtIh2zNkmJ/GY9VWIXNgjy7TBZNM9upfb/rnWDGpOoLomnEQtlTBjFBFCDra1oxOQ==",
      "dev": true
    },
    "node_modules/mkdirp": {
      "version": "1.0.4",
      "resolved": "https://registry.npmjs.org/mkdirp/-/mkdirp-1.0.4.tgz",
      "integrity": "sha512-vVqVZQyf3WLx2Shd0qJ9xuvqgAyKPLAiqITEtqW0oIUjzo3PePDd6fW9iFz30ef7Ysp/oiWqbhszeGWW2T6Gzw==",
      "dev": true,
      "bin": {
        "mkdirp": "bin/cmd.js"
      },
      "engines": {
        "node": ">=10"
      }
    },
    "node_modules/typescript": {
      "version": "4.2.4",
      "resolved": "https://registry.npmjs.org/typescript/-/typescript-4.2.4.tgz",
      "integrity": "sha512-V+evlYHZnQkaz8TRBuxTA92yZBPotr5H+WhQ7bD3hZUndx5tGOa1fuCgeSjxAzM1RiN5IzvadIXTVefuuwZCRg==",
      "dev": true,
      "bin": {
        "tsc": "bin/tsc",
        "tsserver": "bin/tsserver"
      },
      "engines": {
        "node": ">=4.2.0"
      }
    }
  },
  "dependencies": {
    "@ltd/j-toml": {
      "version": "1.12.2",
      "resolved": "https://registry.npmjs.org/@ltd/j-toml/-/j-toml-1.12.2.tgz",
      "integrity": "sha512-mGbbuiYwnBBBfkupwGbRH9qkOuT40RoPvzbSStAy57PfTWG6nRYOLAB6lplOafIIqBM3wzDPF9/64n3tfO0how==",
      "dev": true
    },
    "@types/wicg-file-system-access": {
      "version": "2020.9.1",
      "resolved": "https://registry.npmjs.org/@types/wicg-file-system-access/-/wicg-file-system-access-2020.9.1.tgz",
      "integrity": "sha512-hEN/YpLwvDjhRJrKoBiyiKtIh2zNkmJ/GY9VWIXNgjy7TBZNM9upfb/rnWDGpOoLomnEQtlTBjFBFCDra1oxOQ==",
      "dev": true
    },
    "mkdirp": {
      "version": "1.0.4",
      "resolved": "https://registry.npmjs.org/mkdirp/-/mkdirp-1.0.4.tgz",
      "integrity": "sha512-vVqVZQyf3WLx2Shd0qJ9xuvqgAyKPLAiqITEtqW0oIUjzo3PePDd6fW9iFz30ef7Ysp/oiWqbhszeGWW2T6Gzw==",
      "dev": true
    },
    "typescript": {
      "version": "4.2.4",
      "resolved": "https://registry.npmjs.org/typescript/-/typescript-4.2.4.tgz",
      "integrity": "sha512-V+evlYHZnQkaz8TRBuxTA92yZBPotr5H+WhQ7bD3hZUndx5tGOa1fuCgeSjxAzM1RiN5IzvadIXTVefuuwZCRg==",
      "dev": true
    }
  }
}
